
Microsoft Visual Studio Solution File, Format Version 12.00
# Visual Studio Version 16
VisualStudioVersion = 16.0.32802.440
MinimumVisualStudioVersion = 10.0.40219.1
Project("{FAE04EC0-301F-11D3-BF4B-00C04F79EFBC}") = "TrabalhoFelskiNops", "TrabalhoFelskiNops\TrabalhoFelskiNops.csproj", "{8FD6A573-9151-4E37-8544-23D9054E93F8}"
EndProject
Global
	GlobalSection(SolutionConfigurationPlatforms) = preSolution
		Debug|Any CPU = Debug|Any CPU
		Release|Any CPU = Release|Any CPU
	EndGlobalSection
	GlobalSection(ProjectConfigurationPlatforms) = postSolution
		{8FD6A573-9151-4E37-8544-23D9054E93F8}.Debug|Any CPU.ActiveCfg = Debug|Any CPU
		{8FD6A573-9151-4E37-8544-23D9054E93F8}.Debug|Any CPU.Build.0 = Debug|Any CPU
		{8FD6A573-9151-4E37-8544-23D9054E93F8}.Release|Any CPU.ActiveCfg = Release|Any CPU
		{8FD6A573-9151-4E37-8544-23D9054E93F8}.Release|Any CPU.Build.0 = Release|Any CPU
	EndGlobalSection
	GlobalSection(SolutionProperties) = preSolution
		HideSolutionNode = FALSE
	EndGlobalSection
	GlobalSection(ExtensibilityGlobals) = postSolution
		SolutionGuid = {03837605-34B9-4BF8-A35D-B16E6C9D8C40}
	EndGlobalSection
EndGlobal
